// !$*UTF8*$!
{
	archiveVersion = 1;
	classes = {
	};
	objectVersion = 46;
	objects = {

/* Begin PBXBuildFile section */
		2A83CD521C343BF0008F2B3B /* AppDelegate.swift in Sources */ = {isa = PBXBuildFile; fileRef = 2A83CD511C343BF0008F2B3B /* AppDelegate.swift */; };
		2A83CD541C343BF0008F2B3B /* ViewController.swift in Sources */ = {isa = PBXBuildFile; fileRef = 2A83CD531C343BF0008F2B3B /* ViewController.swift */; };
		2A83CD571C343BF0008F2B3B /* Main.storyboard in Resources */ = {isa = PBXBuildFile; fileRef = 2A83CD551C343BF0008F2B3B /* Main.storyboard */; };
		2A83CD591C343BF0008F2B3B /* Assets.xcassets in Resources */ = {isa = PBXBuildFile; fileRef = 2A83CD581C343BF0008F2B3B /* Assets.xcassets */; };
		2A83CD5C1C343BF0008F2B3B /* LaunchScreen.storyboard in Resources */ = {isa = PBXBuildFile; fileRef = 2A83CD5A1C343BF0008F2B3B /* LaunchScreen.storyboard */; };
		2A83CD671C343BF0008F2B3B /* ios_med_gitxcodeTests.swift in Sources */ = {isa = PBXBuildFile; fileRef = 2A83CD661C343BF0008F2B3B /* ios_med_gitxcodeTests.swift */; };
		2A83CD721C343BF0008F2B3B /* ios_med_gitxcodeUITests.swift in Sources */ = {isa = PBXBuildFile; fileRef = 2A83CD711C343BF0008F2B3B /* ios_med_gitxcodeUITests.swift */; };
/* End PBXBuildFile section */

/* Begin PBXContainerItemProxy section */
		2A83CD631C343BF0008F2B3B /* PBXContainerItemProxy */ = {
			isa = PBXContainerItemProxy;
			containerPortal = 2A83CD461C343BF0008F2B3B /* Project object */;
			proxyType = 1;
			remoteGlobalIDString = 2A83CD4D1C343BF0008F2B3B;
			remoteInfo = "ios-med-gitxcode";
		};
		2A83CD6E1C343BF0008F2B3B /* PBXContainerItemProxy */ = {
			isa = PBXContainerItemProxy;
			containerPortal = 2A83CD461C343BF0008F2B3B /* Project object */;
			proxyType = 1;
			remoteGlobalIDString = 2A83CD4D1C343BF0008F2B3B;
			remoteInfo = "ios-med-gitxcode";
		};
/* End PBXContainerItemProxy section */

/* Begin PBXFileReference section */
		2A83CD4E1C343BF0008F2B3B /* ios-med-gitxcode.app */ = {isa = PBXFileReference; explicitFileType = wrapper.application; includeInIndex = 0; path = "ios-med-gitxcode.app"; sourceTree = BUILT_PRODUCTS_DIR; };
		2A83CD511C343BF0008F2B3B /* AppDelegate.swift */ = {isa = PBXFileReference; lastKnownFileType = sourcecode.swift; path = AppDelegate.swift; sourceTree = "<group>"; };
		2A83CD531C343BF0008F2B3B /* ViewController.swift */ = {isa = PBXFileReference; lastKnownFileType = sourcecode.swift; path = ViewController.swift; sourceTree = "<group>"; };
		2A83CD561C343BF0008F2B3B /* Base */ = {isa = PBXFileReference; lastKnownFileType = file.storyboard; name = Base; path = Base.lproj/Main.storyboard; sourceTree = "<group>"; };
		2A83CD581C343BF0008F2B3B /* Assets.xcassets */ = {isa = PBXFileReference; lastKnownFileType = folder.assetcatalog; path = Assets.xcassets; sourceTree = "<group>"; };
		2A83CD5B1C343BF0008F2B3B /* Base */ = {isa = PBXFileReference; lastKnownFileType = file.storyboard; name = Base; path = Base.lproj/LaunchScreen.storyboard; sourceTree = "<group>"; };
		2A83CD5D1C343BF0008F2B3B /* Info.plist */ = {isa = PBXFileReference; lastKnownFileType = text.plist.xml; path = Info.plist; sourceTree = "<group>"; };
		2A83CD621C343BF0008F2B3B /* ios-med-gitxcodeTests.xctest */ = {isa = PBXFileReference; explicitFileType = wrapper.cfbundle; includeInIndex = 0; path = "ios-med-gitxcodeTests.xctest"; sourceTree = BUILT_PRODUCTS_DIR; };
		2A83CD661C343BF0008F2B3B /* ios_med_gitxcodeTests.swift */ = {isa = PBXFileReference; lastKnownFileType = sourcecode.swift; path = ios_med_gitxcodeTests.swift; sourceTree = "<group>"; };
		2A83CD681C343BF0008F2B3B /* Info.plist */ = {isa = PBXFileReference; lastKnownFileType = text.plist.xml; path = Info.plist; sourceTree = "<group>"; };
		2A83CD6D1C343BF0008F2B3B /* ios-med-gitxcodeUITests.xctest */ = {isa = PBXFileReference; explicitFileType = wrapper.cfbundle; includeInIndex = 0; path = "ios-med-gitxcodeUITests.xctest"; sourceTree = BUILT_PRODUCTS_DIR; };
		2A83CD711C343BF0008F2B3B /* ios_med_gitxcodeUITests.swift */ = {isa = PBXFileReference; lastKnownFileType = sourcecode.swift; path = ios_med_gitxcodeUITests.swift; sourceTree = "<group>"; };
		2A83CD731C343BF0008F2B3B /* Info.plist */ = {isa = PBXFileReference; lastKnownFileType = text.plist.xml; path = Info.plist; sourceTree = "<group>"; };
/* End PBXFileReference section */

/* Begin PBXFrameworksBuildPhase section */
		2A83CD4B1C343BF0008F2B3B /* Frameworks */ = {
			isa = PBXFrameworksBuildPhase;
			buildActionMask = 2147483647;
			files = (
			);
			runOnlyForDeploymentPostprocessing = 0;
		};
		2A83CD5F1C343BF0008F2B3B /* Frameworks */ = {
			isa = PBXFrameworksBuildPhase;
			buildActionMask = 2147483647;
			files = (
			);
			runOnlyForDeploymentPostprocessing = 0;
		};
		2A83CD6A1C343BF0008F2B3B /* Frameworks */ = {
			isa = PBXFrameworksBuildPhase;
			buildActionMask = 2147483647;
			files = (
			);
			runOnlyForDeploymentPostprocessing = 0;
		};
/* End PBXFrameworksBuildPhase section */

/* Begin PBXGroup section */
		2A83CD451C343BF0008F2B3B = {
			isa = PBXGroup;
			children = (
				2A83CD501C343BF0008F2B3B /* ios-med-gitxcode */,
				2A83CD651C343BF0008F2B3B /* ios-med-gitxcodeTests */,
				2A83CD701C343BF0008F2B3B /* ios-med-gitxcodeUITests */,
				2A83CD4F1C343BF0008F2B3B /* Products */,
			);
			sourceTree = "<group>";
		};
		2A83CD4F1C343BF0008F2B3B /* Products */ = {
			isa = PBXGroup;
			children = (
				2A83CD4E1C343BF0008F2B3B /* ios-med-gitxcode.app */,
				2A83CD621C343BF0008F2B3B /* ios-med-gitxcodeTests.xctest */,
				2A83CD6D1C343BF0008F2B3B /* ios-med-gitxcodeUITests.xctest */,
			);
			name = Products;
			sourceTree = "<group>";
		};
		2A83CD501C343BF0008F2B3B /* ios-med-gitxcode */ = {
			isa = PBXGroup;
			children = (
				2A83CD511C343BF0008F2B3B /* AppDelegate.swift */,
				2A83CD531C343BF0008F2B3B /* ViewController.swift */,
				2A83CD551C343BF0008F2B3B /* Main.storyboard */,
				2A83CD581C343BF0008F2B3B /* Assets.xcassets */,
				2A83CD5A1C343BF0008F2B3B /* LaunchScreen.storyboard */,
				2A83CD5D1C343BF0008F2B3B /* Info.plist */,
			);
			path = "ios-med-gitxcode";
			sourceTree = "<group>";
		};
		2A83CD651C343BF0008F2B3B /* ios-med-gitxcodeTests */ = {
			isa = PBXGroup;
			children = (
				2A83CD661C343BF0008F2B3B /* ios_med_gitxcodeTests.swift */,
				2A83CD681C343BF0008F2B3B /* Info.plist */,
			);
			path = "ios-med-gitxcodeTests";
			sourceTree = "<group>";
		};
		2A83CD701C343BF0008F2B3B /* ios-med-gitxcodeUITests */ = {
			isa = PBXGroup;
			children = (
				2A83CD711C343BF0008F2B3B /* ios_med_gitxcodeUITests.swift */,
				2A83CD731C343BF0008F2B3B /* Info.plist */,
			);
			path = "ios-med-gitxcodeUITests";
			sourceTree = "<group>";
		};
/* End PBXGroup section */

/* Begin PBXNativeTarget section */
		2A83CD4D1C343BF0008F2B3B /* ios-med-gitxcode */ = {
			isa = PBXNativeTarget;
			buildConfigurationList = 2A83CD761C343BF0008F2B3B /* Build configuration list for PBXNativeTarget "ios-med-gitxcode" */;
			buildPhases = (
				2A83CD4A1C343BF0008F2B3B /* Sources */,
				2A83CD4B1C343BF0008F2B3B /* Frameworks */,
				2A83CD4C1C343BF0008F2B3B /* Resources */,
			);
			buildRules = (
			);
			dependencies = (
			);
			name = "ios-med-gitxcode";
			productName = "ios-med-gitxcode";
			productReference = 2A83CD4E1C343BF0008F2B3B /* ios-med-gitxcode.app */;
			productType = "com.apple.product-type.application";
		};
		2A83CD611C343BF0008F2B3B /* ios-med-gitxcodeTests */ = {
			isa = PBXNativeTarget;
			buildConfigurationList = 2A83CD791C343BF0008F2B3B /* Build configuration list for PBXNativeTarget "ios-med-gitxcodeTests" */;
			buildPhases = (
				2A83CD5E1C343BF0008F2B3B /* Sources */,
				2A83CD5F1C343BF0008F2B3B /* Frameworks */,
				2A83CD601C343BF0008F2B3B /* Resources */,
			);
			buildRules = (
			);
			dependencies = (
				2A83CD641C343BF0008F2B3B /* PBXTargetDependency */,
			);
			name = "ios-med-gitxcodeTests";
			productName = "ios-med-gitxcodeTests";
			productReference = 2A83CD621C343BF0008F2B3B /* ios-med-gitxcodeTests.xctest */;
			productType = "com.apple.product-type.bundle.unit-test";
		};
		2A83CD6C1C343BF0008F2B3B /* ios-med-gitxcodeUITests */ = {
			isa = PBXNativeTarget;
			buildConfigurationList = 2A83CD7C1C343BF0008F2B3B /* Build configuration list for PBXNativeTarget "ios-med-gitxcodeUITests" */;
			buildPhases = (
				2A83CD691C343BF0008F2B3B /* Sources */,
				2A83CD6A1C343BF0008F2B3B /* Frameworks */,
				2A83CD6B1C343BF0008F2B3B /* Resources */,
			);
			buildRules = (
			);
			dependencies = (
				2A83CD6F1C343BF0008F2B3B /* PBXTargetDependency */,
			);
			name = "ios-med-gitxcodeUITests";
			productName = "ios-med-gitxcodeUITests";
			productReference = 2A83CD6D1C343BF0008F2B3B /* ios-med-gitxcodeUITests.xctest */;
			productType = "com.apple.product-type.bundle.ui-testing";
		};
/* End PBXNativeTarget section */

/* Begin PBXProject section */
		2A83CD461C343BF0008F2B3B /* Project object */ = {
			isa = PBXProject;
			attributes = {
				LastSwiftUpdateCheck = 0720;
				LastUpgradeCheck = 0720;
				ORGANIZATIONNAME = "HUE TUAN THI";
				TargetAttributes = {
					2A83CD4D1C343BF0008F2B3B = {
						CreatedOnToolsVersion = 7.2;
					};
					2A83CD611C343BF0008F2B3B = {
						CreatedOnToolsVersion = 7.2;
						TestTargetID = 2A83CD4D1C343BF0008F2B3B;
					};
					2A83CD6C1C343BF0008F2B3B = {
						CreatedOnToolsVersion = 7.2;
						TestTargetID = 2A83CD4D1C343BF0008F2B3B;
					};
				};
			};
			buildConfigurationList = 2A83CD491C343BF0008F2B3B /* Build configuration list for PBXProject "ios-med-gitxcode" */;
			compatibilityVersion = "Xcode 3.2";
			developmentRegion = English;
			hasScannedForEncodings = 0;
			knownRegions = (
				en,
				Base,
			);
			mainGroup = 2A83CD451C343BF0008F2B3B;
			productRefGroup = 2A83CD4F1C343BF0008F2B3B /* Products */;
			projectDirPath = "";
			projectRoot = "";
			targets = (
				2A83CD4D1C343BF0008F2B3B /* ios-med-gitxcode */,
				2A83CD611C343BF0008F2B3B /* ios-med-gitxcodeTests */,
				2A83CD6C1C343BF0008F2B3B /* ios-med-gitxcodeUITests */,
			);
		};
/* End PBXProject section */

/* Begin PBXResourcesBuildPhase section */
		2A83CD4C1C343BF0008F2B3B /* Resources */ = {
			isa = PBXResourcesBuildPhase;
			buildActionMask = 2147483647;
			files = (
				2A83CD5C1C343BF0008F2B3B /* LaunchScreen.storyboard in Resources */,
				2A83CD591C343BF0008F2B3B /* Assets.xcassets in Resources */,
				2A83CD571C343BF0008F2B3B /* Main.storyboard in Resources */,
			);
			runOnlyForDeploymentPostprocessing = 0;
		};
		2A83CD601C343BF0008F2B3B /* Resources */ = {
			isa = PBXResourcesBuildPhase;
			buildActionMask = 2147483647;
			files = (
			);
			runOnlyForDeploymentPostprocessing = 0;
		};
		2A83CD6B1C343BF0008F2B3B /* Resources */ = {
			isa = PBXResourcesBuildPhase;
			buildActionMask = 2147483647;
			files = (
			);
			runOnlyForDeploymentPostprocessing = 0;
		};
/* End PBXResourcesBuildPhase section */

/* Begin PBXSourcesBuildPhase section */
		2A83CD4A1C343BF0008F2B3B /* Sources */ = {
			isa = PBXSourcesBuildPhase;
			buildActionMask = 2147483647;
			files = (
				2A83CD541C343BF0008F2B3B /* ViewController.swift in Sources */,
				2A83CD521C343BF0008F2B3B /* AppDelegate.swift in Sources */,
			);
			runOnlyForDeploymentPostprocessing = 0;
		};
		2A83CD5E1C343BF0008F2B3B /* Sources */ = {
			isa = PBXSourcesBuildPhase;
			buildActionMask = 2147483647;
			files = (
				2A83CD671C343BF0008F2B3B /* ios_med_gitxcodeTests.swift in Sources */,
			);
			runOnlyForDeploymentPostprocessing = 0;
		};
		2A83CD691C343BF0008F2B3B /* Sources */ = {
			isa = PBXSourcesBuildPhase;
			buildActionMask = 2147483647;
			files = (
				2A83CD721C343BF0008F2B3B /* ios_med_gitxcodeUITests.swift in Sources */,
			);
			runOnlyForDeploymentPostprocessing = 0;
		};
/* End PBXSourcesBuildPhase section */

/* Begin PBXTargetDependency section */
		2A83CD641C343BF0008F2B3B /* PBXTargetDependency */ = {
			isa = PBXTargetDependency;
			target = 2A83CD4D1C343BF0008F2B3B /* ios-med-gitxcode */;
			targetProxy = 2A83CD631C343BF0008F2B3B /* PBXContainerItemProxy */;
		};
		2A83CD6F1C343BF0008F2B3B /* PBXTargetDependency */ = {
			isa = PBXTargetDependency;
			target = 2A83CD4D1C343BF0008F2B3B /* ios-med-gitxcode */;
			targetProxy = 2A83CD6E1C343BF0008F2B3B /* PBXContainerItemProxy */;
		};
/* End PBXTargetDependency section */

/* Begin PBXVariantGroup section */
		2A83CD551C343BF0008F2B3B /* Main.storyboard */ = {
			isa = PBXVariantGroup;
			children = (
				2A83CD561C343BF0008F2B3B /* Base */,
			);
			name = Main.storyboard;
			sourceTree = "<group>";
		};
		2A83CD5A1C343BF0008F2B3B /* LaunchScreen.storyboard */ = {
			isa = PBXVariantGroup;
			children = (
				2A83CD5B1C343BF0008F2B3B /* Base */,
			);
			name = LaunchScreen.storyboard;
			sourceTree = "<group>";
		};
/* End PBXVariantGroup section */

/* Begin XCBuildConfiguration section */
		2A83CD741C343BF0008F2B3B /* Debug */ = {
			isa = XCBuildConfiguration;
			buildSettings = {
				ALWAYS_SEARCH_USER_PATHS = NO;
				CLANG_CXX_LANGUAGE_STANDARD = "gnu++0x";
				CLANG_CXX_LIBRARY = "libc++";
				CLANG_ENABLE_MODULES = YES;
				CLANG_ENABLE_OBJC_ARC = YES;
				CLANG_WARN_BOOL_CONVERSION = YES;
				CLANG_WARN_CONSTANT_CONVERSION = YES;
				CLANG_WARN_DIRECT_OBJC_ISA_USAGE = YES_ERROR;
				CLANG_WARN_EMPTY_BODY = YES;
				CLANG_WARN_ENUM_CONVERSION = YES;
				CLANG_WARN_INT_CONVERSION = YES;
				CLANG_WARN_OBJC_ROOT_CLASS = YES_ERROR;
				CLANG_WARN_UNREACHABLE_CODE = YES;
				CLANG_WARN__DUPLICATE_METHOD_MATCH = YES;
				"CODE_SIGN_IDENTITY[sdk=iphoneos*]" = "iPhone Developer";
				COPY_PHASE_STRIP = NO;
				DEBUG_INFORMATION_FORMAT = dwarf;
				ENABLE_STRICT_OBJC_MSGSEND = YES;
				ENABLE_TESTABILITY = YES;
				GCC_C_LANGUAGE_STANDARD = gnu99;
				GCC_DYNAMIC_NO_PIC = NO;
				GCC_NO_COMMON_BLOCKS = YES;
				GCC_OPTIMIZATION_LEVEL = 0;
				GCC_PREPROCESSOR_DEFINITIONS = (
					"DEBUG=1",
					"$(inherited)",
				);
				GCC_WARN_64_TO_32_BIT_CONVERSION = YES;
				GCC_WARN_ABOUT_RETURN_TYPE = YES_ERROR;
				GCC_WARN_UNDECLARED_SELECTOR = YES;
				GCC_WARN_UNINITIALIZED_AUTOS = YES_AGGRESSIVE;
				GCC_WARN_UNUSED_FUNCTION = YES;
				GCC_WARN_UNUSED_VARIABLE = YES;
				IPHONEOS_DEPLOYMENT_TARGET = 9.2;
				MTL_ENABLE_DEBUG_INFO = YES;
				ONLY_ACTIVE_ARCH = YES;
				SDKROOT = iphoneos;
				SWIFT_OPTIMIZATION_LEVEL = "-Onone";
				TARGETED_DEVICE_FAMILY = "1,2";
			};
			name = Debug;
		};
		2A83CD751C343BF0008F2B3B /* Release */ = {
			isa = XCBuildConfiguration;
			buildSettings = {
				ALWAYS_SEARCH_USER_PATHS = NO;
				CLANG_CXX_LANGUAGE_STANDARD = "gnu++0x";
				CLANG_CXX_LIBRARY = "libc++";
				CLANG_ENABLE_MODULES = YES;
				CLANG_ENABLE_OBJC_ARC = YES;
				CLANG_WARN_BOOL_CONVERSION = YES;
				CLANG_WARN_CONSTANT_CONVERSION = YES;
				CLANG_WARN_DIRECT_OBJC_ISA_USAGE = YES_ERROR;
				CLANG_WARN_EMPTY_BODY = YES;
				CLANG_WARN_ENUM_CONVERSION = YES;
				CLANG_WARN_INT_CONVERSION = YES;
				CLANG_WARN_OBJC_ROOT_CLASS = YES_ERROR;
				CLANG_WARN_UNREACHABLE_CODE = YES;
				CLANG_WARN__DUPLICATE_METHOD_MATCH = YES;
				"CODE_SIGN_IDENTITY[sdk=iphoneos*]" = "iPhone Developer";
				COPY_PHASE_STRIP = NO;
				DEBUG_INFORMATION_FORMAT = "dwarf-with-dsym";
				ENABLE_NS_ASSERTIONS = NO;
				ENABLE_STRICT_OBJC_MSGSEND = YES;
				GCC_C_LANGUAGE_STANDARD = gnu99;
				GCC_NO_COMMON_BLOCKS = YES;
				GCC_WARN_64_TO_32_BIT_CONVERSION = YES;
				GCC_WARN_ABOUT_RETURN_TYPE = YES_ERROR;
				GCC_WARN_UNDECLARED_SELECTOR = YES;
				GCC_WARN_UNINITIALIZED_AUTOS = YES_AGGRESSIVE;
				GCC_WARN_UNUSED_FUNCTION = YES;
				GCC_WARN_UNUSED_VARIABLE = YES;
				IPHONEOS_DEPLOYMENT_TARGET = 9.2;
				MTL_ENABLE_DEBUG_INFO = NO;
				SDKROOT = iphoneos;
				TARGETED_DEVICE_FAMILY = "1,2";
				VALIDATE_PRODUCT = YES;
			};
			name = Release;
		};
		2A83CD771C343BF0008F2B3B /* Debug */ = {
			isa = XCBuildConfiguration;
			buildSettings = {
				ASSETCATALOG_COMPILER_APPICON_NAME = AppIcon;
				INFOPLIST_FILE = "ios-med-gitxcode/Info.plist";
				LD_RUNPATH_SEARCH_PATHS = "$(inherited) @executable_path/Frameworks";
				PRODUCT_BUNDLE_IDENTIFIER = "com.tuanthi.ios-med-gitxcode";
				PRODUCT_NAME = "$(TARGET_NAME)";
			};
			name = Debug;
		};
		2A83CD781C343BF0008F2B3B /* Release */ = {
			isa = XCBuildConfiguration;
			buildSettings = {
				ASSETCATALOG_COMPILER_APPICON_NAME = AppIcon;
				INFOPLIST_FILE = "ios-med-gitxcode/Info.plist";
				LD_RUNPATH_SEARCH_PATHS = "$(inherited) @executable_path/Frameworks";
				PRODUCT_BUNDLE_IDENTIFIER = "com.tuanthi.ios-med-gitxcode";
				PRODUCT_NAME = "$(TARGET_NAME)";
			};
			name = Release;
		};
		2A83CD7A1C343BF0008F2B3B /* Debug */ = {
			isa = XCBuildConfiguration;
			buildSettings = {
				BUNDLE_LOADER = "$(TEST_HOST)";
				INFOPLIST_FILE = "ios-med-gitxcodeTests/Info.plist";
				LD_RUNPATH_SEARCH_PATHS = "$(inherited) @executable_path/Frameworks @loader_path/Frameworks";
				PRODUCT_BUNDLE_IDENTIFIER = "com.tuanthi.ios-med-gitxcodeTests";
				PRODUCT_NAME = "$(TARGET_NAME)";
				TEST_HOST = "$(BUILT_PRODUCTS_DIR)/ios-med-gitxcode.app/ios-med-gitxcode";
			};
			name = Debug;
		};
		2A83CD7B1C343BF0008F2B3B /* Release */ = {
			isa = XCBuildConfiguration;
			buildSettings = {
				BUNDLE_LOADER = "$(TEST_HOST)";
				INFOPLIST_FILE = "ios-med-gitxcodeTests/Info.plist";
				LD_RUNPATH_SEARCH_PATHS = "$(inherited) @executable_path/Frameworks @loader_path/Frameworks";
				PRODUCT_BUNDLE_IDENTIFIER = "com.tuanthi.ios-med-gitxcodeTests";
				PRODUCT_NAME = "$(TARGET_NAME)";
				TEST_HOST = "$(BUILT_PRODUCTS_DIR)/ios-med-gitxcode.app/ios-med-gitxcode";
			};
			name = Release;
		};
		2A83CD7D1C343BF0008F2B3B /* Debug */ = {
			isa = XCBuildConfiguration;
			buildSettings = {
				INFOPLIST_FILE = "ios-med-gitxcodeUITests/Info.plist";
				LD_RUNPATH_SEARCH_PATHS = "$(inherited) @executable_path/Frameworks @loader_path/Frameworks";
				PRODUCT_BUNDLE_IDENTIFIER = "com.tuanthi.ios-med-gitxcodeUITests";
				PRODUCT_NAME = "$(TARGET_NAME)";
				TEST_TARGET_NAME = "ios-med-gitxcode";
				USES_XCTRUNNER = YES;
			};
			name = Debug;
		};
		2A83CD7E1C343BF0008F2B3B /* Release */ = {
			isa = XCBuildConfiguration;
			buildSettings = {
				INFOPLIST_FILE = "ios-med-gitxcodeUITests/Info.plist";
				LD_RUNPATH_SEARCH_PATHS = "$(inherited) @executable_path/Frameworks @loader_path/Frameworks";
				PRODUCT_BUNDLE_IDENTIFIER = "com.tuanthi.ios-med-gitxcodeUITests";
				PRODUCT_NAME = "$(TARGET_NAME)";
				TEST_TARGET_NAME = "ios-med-gitxcode";
				USES_XCTRUNNER = YES;
			};
			name = Release;
		};
/* End XCBuildConfiguration section */

/* Begin XCConfigurationList section */
		2A83CD491C343BF0008F2B3B /* Build configuration list for PBXProject "ios-med-gitxcode" */ = {
			isa = XCConfigurationList;
			buildConfigurations = (
				2A83CD741C343BF0008F2B3B /* Debug */,
				2A83CD751C343BF0008F2B3B /* Release */,
			);
			defaultConfigurationIsVisible = 0;
			defaultConfigurationName = Release;
		};
		2A83CD761C343BF0008F2B3B /* Build configuration list for PBXNativeTarget "ios-med-gitxcode" */ = {
			isa = XCConfigurationList;
			buildConfigurations = (
				2A83CD771C343BF0008F2B3B /* Debug */,
				2A83CD781C343BF0008F2B3B /* Release */,
			);
			defaultConfigurationIsVisible = 0;
		};
		2A83CD791C343BF0008F2B3B /* Build configuration list for PBXNativeTarget "ios-med-gitxcodeTests" */ = {
			isa = XCConfigurationList;
			buildConfigurations = (
				2A83CD7A1C343BF0008F2B3B /* Debug */,
				2A83CD7B1C343BF0008F2B3B /* Release */,
			);
			defaultConfigurationIsVisible = 0;
		};
		2A83CD7C1C343BF0008F2B3B /* Build configuration list for PBXNativeTarget "ios-med-gitxcodeUITests" */ = {
			isa = XCConfigurationList;
			buildConfigurations = (
				2A83CD7D1C343BF0008F2B3B /* Debug */,
				2A83CD7E1C343BF0008F2B3B /* Release */,
			);
			defaultConfigurationIsVisible = 0;
		};
/* End XCConfigurationList section */
	};
	rootObject = 2A83CD461C343BF0008F2B3B /* Project object */;
}
